
Microsoft Visual Studio Solution File, Format Version 12.00
# Visual Studio 15
VisualStudioVersion = 15.0.28307.852
MinimumVisualStudioVersion = 10.0.40219.1
Project("{9A19103F-16F7-4668-BE54-9A1E7A4F7556}") = "PartnerGroup.Api", "PartnerGroup.Api\PartnerGroup.Api.csproj", "{FC68AD5C-B78C-445D-802E-C51A90BEA875}"
EndProject
Project("{9A19103F-16F7-4668-BE54-9A1E7A4F7556}") = "PartnerGroup.Dominio", "PartnerGroup.Dominio\PartnerGroup.Dominio.csproj", "{3F30B87C-17C8-4D16-A785-683E75F2C448}"
EndProject
Project("{9A19103F-16F7-4668-BE54-9A1E7A4F7556}") = "PartnerGroup.Aplicacao", "PartnerGroup.Aplicacao\PartnerGroup.Aplicacao.csproj", "{63747915-2740-4F9E-8726-7C8E610FEDF9}"
EndProject
Project("{FAE04EC0-301F-11D3-BF4B-00C04F79EFBC}") = "PartnerGroup.IoC", "PartnerGroup.IoC\PartnerGroup.IoC.csproj", "{404FDD30-20C0-4ADA-A242-D4D793589ACC}"
EndProject
Project("{FAE04EC0-301F-11D3-BF4B-00C04F79EFBC}") = "PartnerGroup.Persistencia", "PartnerGroup.Persistencia\PartnerGroup.Persistencia.csproj", "{0ECE4AA4-7BA8-4C36-A67D-DA46229FE014}"
EndProject
Global
	GlobalSection(SolutionConfigurationPlatforms) = preSolution
		Debug|Any CPU = Debug|Any CPU
		Release|Any CPU = Release|Any CPU
	EndGlobalSection
	GlobalSection(ProjectConfigurationPlatforms) = postSolution
		{FC68AD5C-B78C-445D-802E-C51A90BEA875}.Debug|Any CPU.ActiveCfg = Debug|Any CPU
		{FC68AD5C-B78C-445D-802E-C51A90BEA875}.Debug|Any CPU.Build.0 = Debug|Any CPU
		{FC68AD5C-B78C-445D-802E-C51A90BEA875}.Release|Any CPU.ActiveCfg = Release|Any CPU
		{FC68AD5C-B78C-445D-802E-C51A90BEA875}.Release|Any CPU.Build.0 = Release|Any CPU
		{3F30B87C-17C8-4D16-A785-683E75F2C448}.Debug|Any CPU.ActiveCfg = Debug|Any CPU
		{3F30B87C-17C8-4D16-A785-683E75F2C448}.Debug|Any CPU.Build.0 = Debug|Any CPU
		{3F30B87C-17C8-4D16-A785-683E75F2C448}.Release|Any CPU.ActiveCfg = Release|Any CPU
		{3F30B87C-17C8-4D16-A785-683E75F2C448}.Release|Any CPU.Build.0 = Release|Any CPU
		{63747915-2740-4F9E-8726-7C8E610FEDF9}.Debug|Any CPU.ActiveCfg = Debug|Any CPU
		{63747915-2740-4F9E-8726-7C8E610FEDF9}.Debug|Any CPU.Build.0 = Debug|Any CPU
		{63747915-2740-4F9E-8726-7C8E610FEDF9}.Release|Any CPU.ActiveCfg = Release|Any CPU
		{63747915-2740-4F9E-8726-7C8E610FEDF9}.Release|Any CPU.Build.0 = Release|Any CPU
		{404FDD30-20C0-4ADA-A242-D4D793589ACC}.Debug|Any CPU.ActiveCfg = Debug|Any CPU
		{404FDD30-20C0-4ADA-A242-D4D793589ACC}.Debug|Any CPU.Build.0 = Debug|Any CPU
		{404FDD30-20C0-4ADA-A242-D4D793589ACC}.Release|Any CPU.ActiveCfg = Release|Any CPU
		{404FDD30-20C0-4ADA-A242-D4D793589ACC}.Release|Any CPU.Build.0 = Release|Any CPU
		{0ECE4AA4-7BA8-4C36-A67D-DA46229FE014}.Debug|Any CPU.ActiveCfg = Debug|Any CPU
		{0ECE4AA4-7BA8-4C36-A67D-DA46229FE014}.Debug|Any CPU.Build.0 = Debug|Any CPU
		{0ECE4AA4-7BA8-4C36-A67D-DA46229FE014}.Release|Any CPU.ActiveCfg = Release|Any CPU
		{0ECE4AA4-7BA8-4C36-A67D-DA46229FE014}.Release|Any CPU.Build.0 = Release|Any CPU
	EndGlobalSection
	GlobalSection(SolutionProperties) = preSolution
		HideSolutionNode = FALSE
	EndGlobalSection
	GlobalSection(ExtensibilityGlobals) = postSolution
		SolutionGuid = {4F9302FA-BCFE-4BD5-98A9-E88DE00DC1A8}
	EndGlobalSection
EndGlobal
